
Microsoft Visual Studio Solution File, Format Version 12.00
# Visual Studio 15
Project("{FAE04EC0-301F-11D3-BF4B-00C04F79EFBC}") = "Unity.Timeline", "Unity.Timeline.csproj", "{FBF58678-CA12-0D95-C62B-74C799471680}"
EndProject
Project("{FAE04EC0-301F-11D3-BF4B-00C04F79EFBC}") = "Unity.Timeline.Editor", "Unity.Timeline.Editor.csproj", "{FD648933-3CA9-3480-2D95-DFB3A7938572}"
EndProject
Project("{FAE04EC0-301F-11D3-BF4B-00C04F79EFBC}") = "Unity.2D.Tilemap.Editor", "Unity.2D.Tilemap.Editor.csproj", "{AD95EA8E-ABDC-F1B8-442E-41A6989C251E}"
EndProject
Project("{FAE04EC0-301F-11D3-BF4B-00C04F79EFBC}") = "Unity.TextMeshPro.Editor", "Unity.TextMeshPro.Editor.csproj", "{8E4FCD1E-2CCC-87D0-340D-CDB538CD166A}"
EndProject
Project("{FAE04EC0-301F-11D3-BF4B-00C04F79EFBC}") = "Unity.PlasticSCM.Editor", "Unity.PlasticSCM.Editor.csproj", "{E3F64420-A8CE-79F1-B955-830BBC739380}"
EndProject
Project("{FAE04EC0-301F-11D3-BF4B-00C04F79EFBC}") = "Unity.2D.Aseprite.Editor", "Unity.2D.Aseprite.Editor.csproj", "{AD143057-B980-1054-BFDB-C23CAD1557D4}"
EndProject
Project("{FAE04EC0-301F-11D3-BF4B-00C04F79EFBC}") = "Unity.VisualScripting.Flow", "Unity.VisualScripting.Flow.csproj", "{412F6276-1B97-1CC5-EAD1-381138BC910C}"
EndProject
Project("{FAE04EC0-301F-11D3-BF4B-00C04F79EFBC}") = "UnityEditor.UI", "UnityEditor.UI.csproj", "{50F9D2FD-241A-43FB-4BAF-6A3E145CA780}"
EndProject
Project("{FAE04EC0-301F-11D3-BF4B-00C04F79EFBC}") = "Unity.2D.Psdimporter.Editor", "Unity.2D.Psdimporter.Editor.csproj", "{274E1C19-5970-9066-06BE-1B8B4176AC49}"
EndProject
Project("{FAE04EC0-301F-11D3-BF4B-00C04F79EFBC}") = "Unity.VisualScripting.Core", "Unity.VisualScripting.Core.csproj", "{5501ADFD-B5D5-7CBA-461F-EB416D351526}"
EndProject
Project("{FAE04EC0-301F-11D3-BF4B-00C04F79EFBC}") = "Unity.Mathematics", "Unity.Mathematics.csproj", "{ED42F707-355E-851C-8057-B4625E398171}"
EndProject
Project("{FAE04EC0-301F-11D3-BF4B-00C04F79EFBC}") = "Unity.2D.Common.Path.Editor", "Unity.2D.Common.Path.Editor.csproj", "{F0A2BDFE-D2CB-2447-10D4-BABA6B77B0B0}"
EndProject
Project("{FAE04EC0-301F-11D3-BF4B-00C04F79EFBC}") = "Unity.2D.Animation.Editor", "Unity.2D.Animation.Editor.csproj", "{2D99F6BE-EB79-ED01-66C6-B553EFE59254}"
EndProject
Project("{FAE04EC0-301F-11D3-BF4B-00C04F79EFBC}") = "Unity.VisualScripting.Core.Editor", "Unity.VisualScripting.Core.Editor.csproj", "{35344074-FDEF-823A-6821-3B594CF84D2D}"
EndProject
Project("{FAE04EC0-301F-11D3-BF4B-00C04F79EFBC}") = "Unity.2D.IK.Runtime", "Unity.2D.IK.Runtime.csproj", "{201DA2DA-15F1-3277-A7E1-67FDE1172AF7}"
EndProject
Project("{FAE04EC0-301F-11D3-BF4B-00C04F79EFBC}") = "Unity.VisualScripting.Flow.Editor", "Unity.VisualScripting.Flow.Editor.csproj", "{BC93ADF7-2AFE-30FE-A901-3A7396A8C10C}"
EndProject
Project("{FAE04EC0-301F-11D3-BF4B-00C04F79EFBC}") = "UnityEditor.TestRunner", "UnityEditor.TestRunner.csproj", "{F36B49FB-E865-D7D9-CDD6-EE02776ACB26}"
EndProject
Project("{FAE04EC0-301F-11D3-BF4B-00C04F79EFBC}") = "Unity.VisualScripting.SettingsProvider.Editor", "Unity.VisualScripting.SettingsProvider.Editor.csproj", "{EEF25B4E-F9AF-6879-8A98-B8EC98B55E83}"
EndProject
Project("{FAE04EC0-301F-11D3-BF4B-00C04F79EFBC}") = "UnityEngine.TestRunner", "UnityEngine.TestRunner.csproj", "{3C28D6B2-B27C-0CB4-D291-B2AF73A039BF}"
EndProject
Project("{FAE04EC0-301F-11D3-BF4B-00C04F79EFBC}") = "PsdPlugin", "PsdPlugin.csproj", "{C210E267-C63F-7619-99DC-A2EFB40467E3}"
EndProject
Project("{FAE04EC0-301F-11D3-BF4B-00C04F79EFBC}") = "Unity.Burst", "Unity.Burst.csproj", "{30A83F79-E38F-C58E-C8C1-53EA030004C7}"
EndProject
Project("{FAE04EC0-301F-11D3-BF4B-00C04F79EFBC}") = "UnityEngine.UI", "UnityEngine.UI.csproj", "{C25B1873-21AE-A97F-544B-4B7D5914C494}"
EndProject
Project("{FAE04EC0-301F-11D3-BF4B-00C04F79EFBC}") = "Unity.2D.SpriteShape.Editor", "Unity.2D.SpriteShape.Editor.csproj", "{FC5C1B2A-58B7-70D9-E300-67BF2210F235}"
EndProject
Project("{FAE04EC0-301F-11D3-BF4B-00C04F79EFBC}") = "Unity.Collections", "Unity.Collections.csproj", "{D09AB344-F679-479D-89CD-DD5A0F8AAA27}"
EndProject
Project("{FAE04EC0-301F-11D3-BF4B-00C04F79EFBC}") = "Unity.VisualStudio.Editor", "Unity.VisualStudio.Editor.csproj", "{F5C38F85-BDE1-988F-A769-31CAE86B9D6D}"
EndProject
Project("{FAE04EC0-301F-11D3-BF4B-00C04F79EFBC}") = "Unity.2D.Tilemap.Extras.Editor", "Unity.2D.Tilemap.Extras.Editor.csproj", "{B3F99CC5-B9BB-3FA9-A26B-7681A0A6FEAF}"
EndProject
Project("{FAE04EC0-301F-11D3-BF4B-00C04F79EFBC}") = "Unity.Rider.Editor", "Unity.Rider.Editor.csproj", "{849FDC98-1EBE-2958-B0EA-57741B771D72}"
EndProject
Project("{FAE04EC0-301F-11D3-BF4B-00C04F79EFBC}") = "Unity.InternalAPIEditorBridge.001", "Unity.InternalAPIEditorBridge.001.csproj", "{20E2FAEF-56EA-5BD0-5C00-C05DC7939BA0}"
EndProject
Project("{FAE04EC0-301F-11D3-BF4B-00C04F79EFBC}") = "Unity.2D.SpriteShape.Runtime", "Unity.2D.SpriteShape.Runtime.csproj", "{B9166CAE-EE27-7470-B741-E4B5B3EA3565}"
EndProject
Project("{FAE04EC0-301F-11D3-BF4B-00C04F79EFBC}") = "Unity.CollabProxy.Editor", "Unity.CollabProxy.Editor.csproj", "{928B8B29-D33B-154E-7BD7-31E44B78F395}"
EndProject
Project("{FAE04EC0-301F-11D3-BF4B-00C04F79EFBC}") = "Unity.VisualScripting.State.Editor", "Unity.VisualScripting.State.Editor.csproj", "{5DE73343-7338-77C8-ABF3-13DF0940F8FF}"
EndProject
Project("{FAE04EC0-301F-11D3-BF4B-00C04F79EFBC}") = "Unity.2D.Animation.Runtime", "Unity.2D.Animation.Runtime.csproj", "{1EF64C87-E403-9012-1504-3C6E4A24FAA8}"
EndProject
Project("{FAE04EC0-301F-11D3-BF4B-00C04F79EFBC}") = "Unity.Burst.CodeGen", "Unity.Burst.CodeGen.csproj", "{189E69B7-D2CD-B4F5-D309-82A71F503505}"
EndProject
Project("{FAE04EC0-301F-11D3-BF4B-00C04F79EFBC}") = "Unity.2D.Tilemap.Extras", "Unity.2D.Tilemap.Extras.csproj", "{C6F82F9A-83CB-51A2-B54B-BA2E861500AE}"
EndProject
Project("{FAE04EC0-301F-11D3-BF4B-00C04F79EFBC}") = "Unity.VisualScripting.State", "Unity.VisualScripting.State.csproj", "{1EA0D293-5C84-4A85-8A45-7AE969348A00}"
EndProject
Project("{FAE04EC0-301F-11D3-BF4B-00C04F79EFBC}") = "Unity.TextMeshPro", "Unity.TextMeshPro.csproj", "{98555AF2-645B-6555-64FE-4ED565B95F7A}"
EndProject
Project("{FAE04EC0-301F-11D3-BF4B-00C04F79EFBC}") = "Unity.2D.Aseprite.Common", "Unity.2D.Aseprite.Common.csproj", "{4878C597-76EF-2D68-6C1D-25484A2DE235}"
EndProject
Project("{FAE04EC0-301F-11D3-BF4B-00C04F79EFBC}") = "Assembly-CSharp", "Assembly-CSharp.csproj", "{99F1308E-1285-C645-2402-45D1DFF5CE90}"
EndProject
Project("{FAE04EC0-301F-11D3-BF4B-00C04F79EFBC}") = "Unity.2D.IK.Editor", "Unity.2D.IK.Editor.csproj", "{21260CB4-E5F0-4180-DE6D-BBCB133CFA0B}"
EndProject
Project("{FAE04EC0-301F-11D3-BF4B-00C04F79EFBC}") = "Unity.InternalAPIEngineBridge.001", "Unity.InternalAPIEngineBridge.001.csproj", "{FB0CFBD8-5D5F-DD7A-60EE-19CFEDA02716}"
EndProject
Project("{FAE04EC0-301F-11D3-BF4B-00C04F79EFBC}") = "Unity.Burst.Editor", "Unity.Burst.Editor.csproj", "{F108D73E-6BCC-3081-F819-89DDC7247571}"
EndProject
Project("{FAE04EC0-301F-11D3-BF4B-00C04F79EFBC}") = "Unity.2D.Common.Editor", "Unity.2D.Common.Editor.csproj", "{7FFA95E2-6020-33B9-1DC5-623AC57CBFC5}"
EndProject
Project("{FAE04EC0-301F-11D3-BF4B-00C04F79EFBC}") = "Unity.2D.Sprite.Editor", "Unity.2D.Sprite.Editor.csproj", "{760502E8-C267-86C0-C212-4C061FCD12DB}"
EndProject
Project("{FAE04EC0-301F-11D3-BF4B-00C04F79EFBC}") = "Unity.2D.PixelPerfect", "Unity.2D.PixelPerfect.csproj", "{4CA2CE41-A3AB-3C81-B013-B14E3842E251}"
EndProject
Project("{FAE04EC0-301F-11D3-BF4B-00C04F79EFBC}") = "Unity.2D.PixelPerfect.Editor", "Unity.2D.PixelPerfect.Editor.csproj", "{19C0C97F-B3F8-51A6-F811-6E51D7DCF787}"
EndProject
Project("{FAE04EC0-301F-11D3-BF4B-00C04F79EFBC}") = "Unity.2D.Common.Runtime", "Unity.2D.Common.Runtime.csproj", "{7263BCDA-B1C2-7F10-224A-FCAA82DF21E0}"
EndProject
Project("{FAE04EC0-301F-11D3-BF4B-00C04F79EFBC}") = "Unity.Mathematics.Editor", "Unity.Mathematics.Editor.csproj", "{8807041C-D593-B085-D47A-F5EB964FD0A4}"
EndProject
Project("{FAE04EC0-301F-11D3-BF4B-00C04F79EFBC}") = "Unity.Collections.BurstCompatibilityGen", "Unity.Collections.BurstCompatibilityGen.csproj", "{F1D66065-579B-83F1-AA7E-D4C19F9EFB4C}"
EndProject
Project("{FAE04EC0-301F-11D3-BF4B-00C04F79EFBC}") = "Unity.VisualScripting.Shared.Editor", "Unity.VisualScripting.Shared.Editor.csproj", "{A15C66C9-A8DC-BE3A-C27F-B0D582CC7D03}"
EndProject
Project("{FAE04EC0-301F-11D3-BF4B-00C04F79EFBC}") = "Unity.Collections.DocCodeSamples", "Unity.Collections.DocCodeSamples.csproj", "{A403D202-CA38-A6C3-350A-54E31C185635}"
EndProject
Global
	GlobalSection(SolutionConfigurationPlatforms) = preSolution
		Debug|Any CPU = Debug|Any CPU
		Release|Any CPU = Release|Any CPU
	EndGlobalSection
	GlobalSection(ProjectConfigurationPlatforms) = postSolution
		{FBF58678-CA12-0D95-C62B-74C799471680}.Debug|Any CPU.ActiveCfg = Debug|Any CPU
		{FBF58678-CA12-0D95-C62B-74C799471680}.Debug|Any CPU.Build.0 = Debug|Any CPU
		{FBF58678-CA12-0D95-C62B-74C799471680}.Release|Any CPU.ActiveCfg = Release|Any CPU
		{FBF58678-CA12-0D95-C62B-74C799471680}.Release|Any CPU.Build.0 = Release|Any CPU
		{FD648933-3CA9-3480-2D95-DFB3A7938572}.Debug|Any CPU.ActiveCfg = Debug|Any CPU
		{FD648933-3CA9-3480-2D95-DFB3A7938572}.Debug|Any CPU.Build.0 = Debug|Any CPU
		{FD648933-3CA9-3480-2D95-DFB3A7938572}.Release|Any CPU.ActiveCfg = Release|Any CPU
		{FD648933-3CA9-3480-2D95-DFB3A7938572}.Release|Any CPU.Build.0 = Release|Any CPU
		{AD95EA8E-ABDC-F1B8-442E-41A6989C251E}.Debug|Any CPU.ActiveCfg = Debug|Any CPU
		{AD95EA8E-ABDC-F1B8-442E-41A6989C251E}.Debug|Any CPU.Build.0 = Debug|Any CPU
		{AD95EA8E-ABDC-F1B8-442E-41A6989C251E}.Release|Any CPU.ActiveCfg = Release|Any CPU
		{AD95EA8E-ABDC-F1B8-442E-41A6989C251E}.Release|Any CPU.Build.0 = Release|Any CPU
		{8E4FCD1E-2CCC-87D0-340D-CDB538CD166A}.Debug|Any CPU.ActiveCfg = Debug|Any CPU
		{8E4FCD1E-2CCC-87D0-340D-CDB538CD166A}.Debug|Any CPU.Build.0 = Debug|Any CPU
		{8E4FCD1E-2CCC-87D0-340D-CDB538CD166A}.Release|Any CPU.ActiveCfg = Release|Any CPU
		{8E4FCD1E-2CCC-87D0-340D-CDB538CD166A}.Release|Any CPU.Build.0 = Release|Any CPU
		{E3F64420-A8CE-79F1-B955-830BBC739380}.Debug|Any CPU.ActiveCfg = Debug|Any CPU
		{E3F64420-A8CE-79F1-B955-830BBC739380}.Debug|Any CPU.Build.0 = Debug|Any CPU
		{E3F64420-A8CE-79F1-B955-830BBC739380}.Release|Any CPU.ActiveCfg = Release|Any CPU
		{E3F64420-A8CE-79F1-B955-830BBC739380}.Release|Any CPU.Build.0 = Release|Any CPU
		{AD143057-B980-1054-BFDB-C23CAD1557D4}.Debug|Any CPU.ActiveCfg = Debug|Any CPU
		{AD143057-B980-1054-BFDB-C23CAD1557D4}.Debug|Any CPU.Build.0 = Debug|Any CPU
		{AD143057-B980-1054-BFDB-C23CAD1557D4}.Release|Any CPU.ActiveCfg = Release|Any CPU
		{AD143057-B980-1054-BFDB-C23CAD1557D4}.Release|Any CPU.Build.0 = Release|Any CPU
		{412F6276-1B97-1CC5-EAD1-381138BC910C}.Debug|Any CPU.ActiveCfg = Debug|Any CPU
		{412F6276-1B97-1CC5-EAD1-381138BC910C}.Debug|Any CPU.Build.0 = Debug|Any CPU
		{412F6276-1B97-1CC5-EAD1-381138BC910C}.Release|Any CPU.ActiveCfg = Release|Any CPU
		{412F6276-1B97-1CC5-EAD1-381138BC910C}.Release|Any CPU.Build.0 = Release|Any CPU
		{50F9D2FD-241A-43FB-4BAF-6A3E145CA780}.Debug|Any CPU.ActiveCfg = Debug|Any CPU
		{50F9D2FD-241A-43FB-4BAF-6A3E145CA780}.Debug|Any CPU.Build.0 = Debug|Any CPU
		{50F9D2FD-241A-43FB-4BAF-6A3E145CA780}.Release|Any CPU.ActiveCfg = Release|Any CPU
		{50F9D2FD-241A-43FB-4BAF-6A3E145CA780}.Release|Any CPU.Build.0 = Release|Any CPU
		{274E1C19-5970-9066-06BE-1B8B4176AC49}.Debug|Any CPU.ActiveCfg = Debug|Any CPU
		{274E1C19-5970-9066-06BE-1B8B4176AC49}.Debug|Any CPU.Build.0 = Debug|Any CPU
		{274E1C19-5970-9066-06BE-1B8B4176AC49}.Release|Any CPU.ActiveCfg = Release|Any CPU
		{274E1C19-5970-9066-06BE-1B8B4176AC49}.Release|Any CPU.Build.0 = Release|Any CPU
		{5501ADFD-B5D5-7CBA-461F-EB416D351526}.Debug|Any CPU.ActiveCfg = Debug|Any CPU
		{5501ADFD-B5D5-7CBA-461F-EB416D351526}.Debug|Any CPU.Build.0 = Debug|Any CPU
		{5501ADFD-B5D5-7CBA-461F-EB416D351526}.Release|Any CPU.ActiveCfg = Release|Any CPU
		{5501ADFD-B5D5-7CBA-461F-EB416D351526}.Release|Any CPU.Build.0 = Release|Any CPU
		{ED42F707-355E-851C-8057-B4625E398171}.Debug|Any CPU.ActiveCfg = Debug|Any CPU
		{ED42F707-355E-851C-8057-B4625E398171}.Debug|Any CPU.Build.0 = Debug|Any CPU
		{ED42F707-355E-851C-8057-B4625E398171}.Release|Any CPU.ActiveCfg = Release|Any CPU
		{ED42F707-355E-851C-8057-B4625E398171}.Release|Any CPU.Build.0 = Release|Any CPU
		{F0A2BDFE-D2CB-2447-10D4-BABA6B77B0B0}.Debug|Any CPU.ActiveCfg = Debug|Any CPU
		{F0A2BDFE-D2CB-2447-10D4-BABA6B77B0B0}.Debug|Any CPU.Build.0 = Debug|Any CPU
		{F0A2BDFE-D2CB-2447-10D4-BABA6B77B0B0}.Release|Any CPU.ActiveCfg = Release|Any CPU
		{F0A2BDFE-D2CB-2447-10D4-BABA6B77B0B0}.Release|Any CPU.Build.0 = Release|Any CPU
		{2D99F6BE-EB79-ED01-66C6-B553EFE59254}.Debug|Any CPU.ActiveCfg = Debug|Any CPU
		{2D99F6BE-EB79-ED01-66C6-B553EFE59254}.Debug|Any CPU.Build.0 = Debug|Any CPU
		{2D99F6BE-EB79-ED01-66C6-B553EFE59254}.Release|Any CPU.ActiveCfg = Release|Any CPU
		{2D99F6BE-EB79-ED01-66C6-B553EFE59254}.Release|Any CPU.Build.0 = Release|Any CPU
		{35344074-FDEF-823A-6821-3B594CF84D2D}.Debug|Any CPU.ActiveCfg = Debug|Any CPU
		{35344074-FDEF-823A-6821-3B594CF84D2D}.Debug|Any CPU.Build.0 = Debug|Any CPU
		{35344074-FDEF-823A-6821-3B594CF84D2D}.Release|Any CPU.ActiveCfg = Release|Any CPU
		{35344074-FDEF-823A-6821-3B594CF84D2D}.Release|Any CPU.Build.0 = Release|Any CPU
		{201DA2DA-15F1-3277-A7E1-67FDE1172AF7}.Debug|Any CPU.ActiveCfg = Debug|Any CPU
		{201DA2DA-15F1-3277-A7E1-67FDE1172AF7}.Debug|Any CPU.Build.0 = Debug|Any CPU
		{201DA2DA-15F1-3277-A7E1-67FDE1172AF7}.Release|Any CPU.ActiveCfg = Release|Any CPU
		{201DA2DA-15F1-3277-A7E1-67FDE1172AF7}.Release|Any CPU.Build.0 = Release|Any CPU
		{BC93ADF7-2AFE-30FE-A901-3A7396A8C10C}.Debug|Any CPU.ActiveCfg = Debug|Any CPU
		{BC93ADF7-2AFE-30FE-A901-3A7396A8C10C}.Debug|Any CPU.Build.0 = Debug|Any CPU
		{BC93ADF7-2AFE-30FE-A901-3A7396A8C10C}.Release|Any CPU.ActiveCfg = Release|Any CPU
		{BC93ADF7-2AFE-30FE-A901-3A7396A8C10C}.Release|Any CPU.Build.0 = Release|Any CPU
		{F36B49FB-E865-D7D9-CDD6-EE02776ACB26}.Debug|Any CPU.ActiveCfg = Debug|Any CPU
		{F36B49FB-E865-D7D9-CDD6-EE02776ACB26}.Debug|Any CPU.Build.0 = Debug|Any CPU
		{F36B49FB-E865-D7D9-CDD6-EE02776ACB26}.Release|Any CPU.ActiveCfg = Release|Any CPU
		{F36B49FB-E865-D7D9-CDD6-EE02776ACB26}.Release|Any CPU.Build.0 = Release|Any CPU
		{EEF25B4E-F9AF-6879-8A98-B8EC98B55E83}.Debug|Any CPU.ActiveCfg = Debug|Any CPU
		{EEF25B4E-F9AF-6879-8A98-B8EC98B55E83}.Debug|Any CPU.Build.0 = Debug|Any CPU
		{EEF25B4E-F9AF-6879-8A98-B8EC98B55E83}.Release|Any CPU.ActiveCfg = Release|Any CPU
		{EEF25B4E-F9AF-6879-8A98-B8EC98B55E83}.Release|Any CPU.Build.0 = Release|Any CPU
		{3C28D6B2-B27C-0CB4-D291-B2AF73A039BF}.Debug|Any CPU.ActiveCfg = Debug|Any CPU
		{3C28D6B2-B27C-0CB4-D291-B2AF73A039BF}.Debug|Any CPU.Build.0 = Debug|Any CPU
		{3C28D6B2-B27C-0CB4-D291-B2AF73A039BF}.Release|Any CPU.ActiveCfg = Release|Any CPU
		{3C28D6B2-B27C-0CB4-D291-B2AF73A039BF}.Release|Any CPU.Build.0 = Release|Any CPU
		{C210E267-C63F-7619-99DC-A2EFB40467E3}.Debug|Any CPU.ActiveCfg = Debug|Any CPU
		{C210E267-C63F-7619-99DC-A2EFB40467E3}.Debug|Any CPU.Build.0 = Debug|Any CPU
		{C210E267-C63F-7619-99DC-A2EFB40467E3}.Release|Any CPU.ActiveCfg = Release|Any CPU
		{C210E267-C63F-7619-99DC-A2EFB40467E3}.Release|Any CPU.Build.0 = Release|Any CPU
		{30A83F79-E38F-C58E-C8C1-53EA030004C7}.Debug|Any CPU.ActiveCfg = Debug|Any CPU
		{30A83F79-E38F-C58E-C8C1-53EA030004C7}.Debug|Any CPU.Build.0 = Debug|Any CPU
		{30A83F79-E38F-C58E-C8C1-53EA030004C7}.Release|Any CPU.ActiveCfg = Release|Any CPU
		{30A83F79-E38F-C58E-C8C1-53EA030004C7}.Release|Any CPU.Build.0 = Release|Any CPU
		{C25B1873-21AE-A97F-544B-4B7D5914C494}.Debug|Any CPU.ActiveCfg = Debug|Any CPU
		{C25B1873-21AE-A97F-544B-4B7D5914C494}.Debug|Any CPU.Build.0 = Debug|Any CPU
		{C25B1873-21AE-A97F-544B-4B7D5914C494}.Release|Any CPU.ActiveCfg = Release|Any CPU
		{C25B1873-21AE-A97F-544B-4B7D5914C494}.Release|Any CPU.Build.0 = Release|Any CPU
		{FC5C1B2A-58B7-70D9-E300-67BF2210F235}.Debug|Any CPU.ActiveCfg = Debug|Any CPU
		{FC5C1B2A-58B7-70D9-E300-67BF2210F235}.Debug|Any CPU.Build.0 = Debug|Any CPU
		{FC5C1B2A-58B7-70D9-E300-67BF2210F235}.Release|Any CPU.ActiveCfg = Release|Any CPU
		{FC5C1B2A-58B7-70D9-E300-67BF2210F235}.Release|Any CPU.Build.0 = Release|Any CPU
		{D09AB344-F679-479D-89CD-DD5A0F8AAA27}.Debug|Any CPU.ActiveCfg = Debug|Any CPU
		{D09AB344-F679-479D-89CD-DD5A0F8AAA27}.Debug|Any CPU.Build.0 = Debug|Any CPU
		{D09AB344-F679-479D-89CD-DD5A0F8AAA27}.Release|Any CPU.ActiveCfg = Release|Any CPU
		{D09AB344-F679-479D-89CD-DD5A0F8AAA27}.Release|Any CPU.Build.0 = Release|Any CPU
		{F5C38F85-BDE1-988F-A769-31CAE86B9D6D}.Debug|Any CPU.ActiveCfg = Debug|Any CPU
		{F5C38F85-BDE1-988F-A769-31CAE86B9D6D}.Debug|Any CPU.Build.0 = Debug|Any CPU
		{F5C38F85-BDE1-988F-A769-31CAE86B9D6D}.Release|Any CPU.ActiveCfg = Release|Any CPU
		{F5C38F85-BDE1-988F-A769-31CAE86B9D6D}.Release|Any CPU.Build.0 = Release|Any CPU
		{B3F99CC5-B9BB-3FA9-A26B-7681A0A6FEAF}.Debug|Any CPU.ActiveCfg = Debug|Any CPU
		{B3F99CC5-B9BB-3FA9-A26B-7681A0A6FEAF}.Debug|Any CPU.Build.0 = Debug|Any CPU
		{B3F99CC5-B9BB-3FA9-A26B-7681A0A6FEAF}.Release|Any CPU.ActiveCfg = Release|Any CPU
		{B3F99CC5-B9BB-3FA9-A26B-7681A0A6FEAF}.Release|Any CPU.Build.0 = Release|Any CPU
		{849FDC98-1EBE-2958-B0EA-57741B771D72}.Debug|Any CPU.ActiveCfg = Debug|Any CPU
		{849FDC98-1EBE-2958-B0EA-57741B771D72}.Debug|Any CPU.Build.0 = Debug|Any CPU
		{849FDC98-1EBE-2958-B0EA-57741B771D72}.Release|Any CPU.ActiveCfg = Release|Any CPU
		{849FDC98-1EBE-2958-B0EA-57741B771D72}.Release|Any CPU.Build.0 = Release|Any CPU
		{20E2FAEF-56EA-5BD0-5C00-C05DC7939BA0}.Debug|Any CPU.ActiveCfg = Debug|Any CPU
		{20E2FAEF-56EA-5BD0-5C00-C05DC7939BA0}.Debug|Any CPU.Build.0 = Debug|Any CPU
		{20E2FAEF-56EA-5BD0-5C00-C05DC7939BA0}.Release|Any CPU.ActiveCfg = Release|Any CPU
		{20E2FAEF-56EA-5BD0-5C00-C05DC7939BA0}.Release|Any CPU.Build.0 = Release|Any CPU
		{B9166CAE-EE27-7470-B741-E4B5B3EA3565}.Debug|Any CPU.ActiveCfg = Debug|Any CPU
		{B9166CAE-EE27-7470-B741-E4B5B3EA3565}.Debug|Any CPU.Build.0 = Debug|Any CPU
		{B9166CAE-EE27-7470-B741-E4B5B3EA3565}.Release|Any CPU.ActiveCfg = Release|Any CPU
		{B9166CAE-EE27-7470-B741-E4B5B3EA3565}.Release|Any CPU.Build.0 = Release|Any CPU
		{928B8B29-D33B-154E-7BD7-31E44B78F395}.Debug|Any CPU.ActiveCfg = Debug|Any CPU
		{928B8B29-D33B-154E-7BD7-31E44B78F395}.Debug|Any CPU.Build.0 = Debug|Any CPU
		{928B8B29-D33B-154E-7BD7-31E44B78F395}.Release|Any CPU.ActiveCfg = Release|Any CPU
		{928B8B29-D33B-154E-7BD7-31E44B78F395}.Release|Any CPU.Build.0 = Release|Any CPU
		{5DE73343-7338-77C8-ABF3-13DF0940F8FF}.Debug|Any CPU.ActiveCfg = Debug|Any CPU
		{5DE73343-7338-77C8-ABF3-13DF0940F8FF}.Debug|Any CPU.Build.0 = Debug|Any CPU
		{5DE73343-7338-77C8-ABF3-13DF0940F8FF}.Release|Any CPU.ActiveCfg = Release|Any CPU
		{5DE73343-7338-77C8-ABF3-13DF0940F8FF}.Release|Any CPU.Build.0 = Release|Any CPU
		{1EF64C87-E403-9012-1504-3C6E4A24FAA8}.Debug|Any CPU.ActiveCfg = Debug|Any CPU
		{1EF64C87-E403-9012-1504-3C6E4A24FAA8}.Debug|Any CPU.Build.0 = Debug|Any CPU
		{1EF64C87-E403-9012-1504-3C6E4A24FAA8}.Release|Any CPU.ActiveCfg = Release|Any CPU
		{1EF64C87-E403-9012-1504-3C6E4A24FAA8}.Release|Any CPU.Build.0 = Release|Any CPU
		{189E69B7-D2CD-B4F5-D309-82A71F503505}.Debug|Any CPU.ActiveCfg = Debug|Any CPU
		{189E69B7-D2CD-B4F5-D309-82A71F503505}.Debug|Any CPU.Build.0 = Debug|Any CPU
		{189E69B7-D2CD-B4F5-D309-82A71F503505}.Release|Any CPU.ActiveCfg = Release|Any CPU
		{189E69B7-D2CD-B4F5-D309-82A71F503505}.Release|Any CPU.Build.0 = Release|Any CPU
		{C6F82F9A-83CB-51A2-B54B-BA2E861500AE}.Debug|Any CPU.ActiveCfg = Debug|Any CPU
		{C6F82F9A-83CB-51A2-B54B-BA2E861500AE}.Debug|Any CPU.Build.0 = Debug|Any CPU
		{C6F82F9A-83CB-51A2-B54B-BA2E861500AE}.Release|Any CPU.ActiveCfg = Release|Any CPU
		{C6F82F9A-83CB-51A2-B54B-BA2E861500AE}.Release|Any CPU.Build.0 = Release|Any CPU
		{1EA0D293-5C84-4A85-8A45-7AE969348A00}.Debug|Any CPU.ActiveCfg = Debug|Any CPU
		{1EA0D293-5C84-4A85-8A45-7AE969348A00}.Debug|Any CPU.Build.0 = Debug|Any CPU
		{1EA0D293-5C84-4A85-8A45-7AE969348A00}.Release|Any CPU.ActiveCfg = Release|Any CPU
		{1EA0D293-5C84-4A85-8A45-7AE969348A00}.Release|Any CPU.Build.0 = Release|Any CPU
		{98555AF2-645B-6555-64FE-4ED565B95F7A}.Debug|Any CPU.ActiveCfg = Debug|Any CPU
		{98555AF2-645B-6555-64FE-4ED565B95F7A}.Debug|Any CPU.Build.0 = Debug|Any CPU
		{98555AF2-645B-6555-64FE-4ED565B95F7A}.Release|Any CPU.ActiveCfg = Release|Any CPU
		{98555AF2-645B-6555-64FE-4ED565B95F7A}.Release|Any CPU.Build.0 = Release|Any CPU
		{4878C597-76EF-2D68-6C1D-25484A2DE235}.Debug|Any CPU.ActiveCfg = Debug|Any CPU
		{4878C597-76EF-2D68-6C1D-25484A2DE235}.Debug|Any CPU.Build.0 = Debug|Any CPU
		{4878C597-76EF-2D68-6C1D-25484A2DE235}.Release|Any CPU.ActiveCfg = Release|Any CPU
		{4878C597-76EF-2D68-6C1D-25484A2DE235}.Release|Any CPU.Build.0 = Release|Any CPU
		{99F1308E-1285-C645-2402-45D1DFF5CE90}.Debug|Any CPU.ActiveCfg = Debug|Any CPU
		{99F1308E-1285-C645-2402-45D1DFF5CE90}.Debug|Any CPU.Build.0 = Debug|Any CPU
		{99F1308E-1285-C645-2402-45D1DFF5CE90}.Release|Any CPU.ActiveCfg = Release|Any CPU
		{99F1308E-1285-C645-2402-45D1DFF5CE90}.Release|Any CPU.Build.0 = Release|Any CPU
		{21260CB4-E5F0-4180-DE6D-BBCB133CFA0B}.Debug|Any CPU.ActiveCfg = Debug|Any CPU
		{21260CB4-E5F0-4180-DE6D-BBCB133CFA0B}.Debug|Any CPU.Build.0 = Debug|Any CPU
		{21260CB4-E5F0-4180-DE6D-BBCB133CFA0B}.Release|Any CPU.ActiveCfg = Release|Any CPU
		{21260CB4-E5F0-4180-DE6D-BBCB133CFA0B}.Release|Any CPU.Build.0 = Release|Any CPU
		{FB0CFBD8-5D5F-DD7A-60EE-19CFEDA02716}.Debug|Any CPU.ActiveCfg = Debug|Any CPU
		{FB0CFBD8-5D5F-DD7A-60EE-19CFEDA02716}.Debug|Any CPU.Build.0 = Debug|Any CPU
		{FB0CFBD8-5D5F-DD7A-60EE-19CFEDA02716}.Release|Any CPU.ActiveCfg = Release|Any CPU
		{FB0CFBD8-5D5F-DD7A-60EE-19CFEDA02716}.Release|Any CPU.Build.0 = Release|Any CPU
		{F108D73E-6BCC-3081-F819-89DDC7247571}.Debug|Any CPU.ActiveCfg = Debug|Any CPU
		{F108D73E-6BCC-3081-F819-89DDC7247571}.Debug|Any CPU.Build.0 = Debug|Any CPU
		{F108D73E-6BCC-3081-F819-89DDC7247571}.Release|Any CPU.ActiveCfg = Release|Any CPU
		{F108D73E-6BCC-3081-F819-89DDC7247571}.Release|Any CPU.Build.0 = Release|Any CPU
		{7FFA95E2-6020-33B9-1DC5-623AC57CBFC5}.Debug|Any CPU.ActiveCfg = Debug|Any CPU
		{7FFA95E2-6020-33B9-1DC5-623AC57CBFC5}.Debug|Any CPU.Build.0 = Debug|Any CPU
		{7FFA95E2-6020-33B9-1DC5-623AC57CBFC5}.Release|Any CPU.ActiveCfg = Release|Any CPU
		{7FFA95E2-6020-33B9-1DC5-623AC57CBFC5}.Release|Any CPU.Build.0 = Release|Any CPU
		{760502E8-C267-86C0-C212-4C061FCD12DB}.Debug|Any CPU.ActiveCfg = Debug|Any CPU
		{760502E8-C267-86C0-C212-4C061FCD12DB}.Debug|Any CPU.Build.0 = Debug|Any CPU
		{760502E8-C267-86C0-C212-4C061FCD12DB}.Release|Any CPU.ActiveCfg = Release|Any CPU
		{760502E8-C267-86C0-C212-4C061FCD12DB}.Release|Any CPU.Build.0 = Release|Any CPU
		{4CA2CE41-A3AB-3C81-B013-B14E3842E251}.Debug|Any CPU.ActiveCfg = Debug|Any CPU
		{4CA2CE41-A3AB-3C81-B013-B14E3842E251}.Debug|Any CPU.Build.0 = Debug|Any CPU
		{4CA2CE41-A3AB-3C81-B013-B14E3842E251}.Release|Any CPU.ActiveCfg = Release|Any CPU
		{4CA2CE41-A3AB-3C81-B013-B14E3842E251}.Release|Any CPU.Build.0 = Release|Any CPU
		{19C0C97F-B3F8-51A6-F811-6E51D7DCF787}.Debug|Any CPU.ActiveCfg = Debug|Any CPU
		{19C0C97F-B3F8-51A6-F811-6E51D7DCF787}.Debug|Any CPU.Build.0 = Debug|Any CPU
		{19C0C97F-B3F8-51A6-F811-6E51D7DCF787}.Release|Any CPU.ActiveCfg = Release|Any CPU
		{19C0C97F-B3F8-51A6-F811-6E51D7DCF787}.Release|Any CPU.Build.0 = Release|Any CPU
		{7263BCDA-B1C2-7F10-224A-FCAA82DF21E0}.Debug|Any CPU.ActiveCfg = Debug|Any CPU
		{7263BCDA-B1C2-7F10-224A-FCAA82DF21E0}.Debug|Any CPU.Build.0 = Debug|Any CPU
		{7263BCDA-B1C2-7F10-224A-FCAA82DF21E0}.Release|Any CPU.ActiveCfg = Release|Any CPU
		{7263BCDA-B1C2-7F10-224A-FCAA82DF21E0}.Release|Any CPU.Build.0 = Release|Any CPU
		{8807041C-D593-B085-D47A-F5EB964FD0A4}.Debug|Any CPU.ActiveCfg = Debug|Any CPU
		{8807041C-D593-B085-D47A-F5EB964FD0A4}.Debug|Any CPU.Build.0 = Debug|Any CPU
		{8807041C-D593-B085-D47A-F5EB964FD0A4}.Release|Any CPU.ActiveCfg = Release|Any CPU
		{8807041C-D593-B085-D47A-F5EB964FD0A4}.Release|Any CPU.Build.0 = Release|Any CPU
		{F1D66065-579B-83F1-AA7E-D4C19F9EFB4C}.Debug|Any CPU.ActiveCfg = Debug|Any CPU
		{F1D66065-579B-83F1-AA7E-D4C19F9EFB4C}.Debug|Any CPU.Build.0 = Debug|Any CPU
		{F1D66065-579B-83F1-AA7E-D4C19F9EFB4C}.Release|Any CPU.ActiveCfg = Release|Any CPU
		{F1D66065-579B-83F1-AA7E-D4C19F9EFB4C}.Release|Any CPU.Build.0 = Release|Any CPU
		{A15C66C9-A8DC-BE3A-C27F-B0D582CC7D03}.Debug|Any CPU.ActiveCfg = Debug|Any CPU
		{A15C66C9-A8DC-BE3A-C27F-B0D582CC7D03}.Debug|Any CPU.Build.0 = Debug|Any CPU
		{A15C66C9-A8DC-BE3A-C27F-B0D582CC7D03}.Release|Any CPU.ActiveCfg = Release|Any CPU
		{A15C66C9-A8DC-BE3A-C27F-B0D582CC7D03}.Release|Any CPU.Build.0 = Release|Any CPU
		{A403D202-CA38-A6C3-350A-54E31C185635}.Debug|Any CPU.ActiveCfg = Debug|Any CPU
		{A403D202-CA38-A6C3-350A-54E31C185635}.Debug|Any CPU.Build.0 = Debug|Any CPU
		{A403D202-CA38-A6C3-350A-54E31C185635}.Release|Any CPU.ActiveCfg = Release|Any CPU
		{A403D202-CA38-A6C3-350A-54E31C185635}.Release|Any CPU.Build.0 = Release|Any CPU
	EndGlobalSection
	GlobalSection(SolutionProperties) = preSolution
		HideSolutionNode = FALSE
	EndGlobalSection
EndGlobal
